<?xml version="1.0" encoding="utf-8"?>
<Project ToolsVersion="4.0" xmlns="http://schemas.microsoft.com/developer/msbuild/2003">
  <ItemGroup>
    <Filter Include="mains">
      <UniqueIdentifier>{186f4f2a-88ab-4bf0-bcc8-45439946225a}</UniqueIdentifier>
    </Filter>
    <Filter Include="FrameWork">
      <UniqueIdentifier>{1793ad9e-da79-4a00-a12e-e9af4a1d54e0}</UniqueIdentifier>
    </Filter>
    <Filter Include="FrameWork\bootScene">
      <UniqueIdentifier>{ab71d7a3-0d1b-4ce9-8c8c-08566c1be85d}</UniqueIdentifier>
    </Filter>
    <Filter Include="FrameWork\SceneManager">
      <UniqueIdentifier>{68a4b298-f58b-4d19-80b3-bd65e9c071ef}</UniqueIdentifier>
    </Filter>
    <Filter Include="objs">
      <UniqueIdentifier>{7ee67c5d-6bb1-4205-b806-f81cc4b4df45}</UniqueIdentifier>
    </Filter>
    <Filter Include="scenes">
      <UniqueIdentifier>{fe679a0a-ed95-447f-9cee-58effb5cf560}</UniqueIdentifier>
    </Filter>
    <Filter Include="commons">
      <UniqueIdentifier>{3cf3e6f0-451e-4070-bfd3-e7e7b48ce6be}</UniqueIdentifier>
    </Filter>
  </ItemGroup>
  <ItemGroup>
    <ClInclude Include="source\mains\app.h">
      <Filter>mains</Filter>
    </ClInclude>
    <ClInclude Include="source\libs\colorhsv.h">
      <Filter>commons</Filter>
    </ClInclude>
    <ClInclude Include="source\libs\common.h">
      <Filter>commons</Filter>
    </ClInclude>
    <ClInclude Include="source\mains\config.h">
      <Filter>mains</Filter>
    </ClInclude>
    <ClInclude Include="source\libs\farstonescene.h">
      <Filter>FrameWork\bootScene</Filter>
    </ClInclude>
    <ClInclude Include="source\gamescene.h">
      <Filter>scenes</Filter>
    </ClInclude>
    <ClInclude Include="source\libs\object.h">
      <Filter>FrameWork</Filter>
    </ClInclude>
    <ClInclude Include="source\libs\scene.h">
      <Filter>FrameWork</Filter>
    </ClInclude>
    <ClInclude Include="source\libs\scenechanger.h">
      <Filter>FrameWork\SceneManager</Filter>
    </ClInclude>
    <ClInclude Include="source\libs\scenemanager.h">
      <Filter>FrameWork\SceneManager</Filter>
    </ClInclude>
    <ClInclude Include="source\libs\testplayer.h">
      <Filter>objs</Filter>
    </ClInclude>
    <ClInclude Include="source\title.h">
      <Filter>scenes</Filter>
    </ClInclude>
    <ClInclude Include="source\temp.h" />
    <ClInclude Include="source\gameobj.h" />
    <ClInclude Include="source\pen.h" />
  </ItemGroup>
  <ItemGroup>
    <ClCompile Include="source\mains\app.cpp">
      <Filter>mains</Filter>
    </ClCompile>
    <ClCompile Include="source\libs\farstonescene.cpp">
      <Filter>FrameWork\bootScene</Filter>
    </ClCompile>
    <ClCompile Include="source\gamescene.cpp">
      <Filter>scenes</Filter>
    </ClCompile>
    <ClCompile Include="source\libs\scene.cpp">
      <Filter>FrameWork</Filter>
    </ClCompile>
    <ClCompile Include="source\libs\scenechanger.cpp">
      <Filter>FrameWork\SceneManager</Filter>
    </ClCompile>
    <ClCompile Include="source\libs\scenemanager.cpp">
      <Filter>FrameWork\SceneManager</Filter>
    </ClCompile>
    <ClCompile Include="source\libs\testplayer.cpp">
      <Filter>objs</Filter>
    </ClCompile>
    <ClCompile Include="source\title.cpp">
      <Filter>scenes</Filter>
    </ClCompile>
    <ClCompile Include="source\mains\winmain.cpp">
      <Filter>mains</Filter>
    </ClCompile>
    <ClCompile Include="source\temp.cpp" />
    <ClCompile Include="source\gameobj.cpp" />
    <ClCompile Include="source\pen.cpp" />
  </ItemGroup>
</Project>